
Microsoft Visual Studio Solution File, Format Version 12.00
# Visual Studio Version 17
VisualStudioVersion = 17.6.33801.468
MinimumVisualStudioVersion = 10.0.40219.1
Project("{FAE04EC0-301F-11D3-BF4B-00C04F79EFBC}") = "ConsoleApp1", "ConsoleApp1.csproj", "{34553923-B585-4D34-8C93-2A45C9E2F6FF}"
EndProject
Global
	GlobalSection(SolutionConfigurationPlatforms) = preSolution
		Debug|Any CPU = Debug|Any CPU
		Release|Any CPU = Release|Any CPU
	EndGlobalSection
	GlobalSection(ProjectConfigurationPlatforms) = postSolution
		{34553923-B585-4D34-8C93-2A45C9E2F6FF}.Debug|Any CPU.ActiveCfg = Debug|Any CPU
		{34553923-B585-4D34-8C93-2A45C9E2F6FF}.Debug|Any CPU.Build.0 = Debug|Any CPU
		{34553923-B585-4D34-8C93-2A45C9E2F6FF}.Release|Any CPU.ActiveCfg = Release|Any CPU
		{34553923-B585-4D34-8C93-2A45C9E2F6FF}.Release|Any CPU.Build.0 = Release|Any CPU
	EndGlobalSection
	GlobalSection(SolutionProperties) = preSolution
		HideSolutionNode = FALSE
	EndGlobalSection
	GlobalSection(ExtensibilityGlobals) = postSolution
		SolutionGuid = {F583213F-3C43-4890-81DF-9C372DECFF76}
	EndGlobalSection
EndGlobal
